
Microsoft Visual Studio Solution File, Format Version 12.00
# Visual Studio Version 17
VisualStudioVersion = 17.6.33815.320
MinimumVisualStudioVersion = 10.0.40219.1
Project("{FAE04EC0-301F-11D3-BF4B-00C04F79EFBC}") = "Advent2023_6", "Advent2023_6.csproj", "{3AE2F79D-D6C3-4719-AF67-3094031C61C3}"
EndProject
Global
	GlobalSection(SolutionConfigurationPlatforms) = preSolution
		Debug|Any CPU = Debug|Any CPU
		Release|Any CPU = Release|Any CPU
	EndGlobalSection
	GlobalSection(ProjectConfigurationPlatforms) = postSolution
		{3AE2F79D-D6C3-4719-AF67-3094031C61C3}.Debug|Any CPU.ActiveCfg = Debug|Any CPU
		{3AE2F79D-D6C3-4719-AF67-3094031C61C3}.Debug|Any CPU.Build.0 = Debug|Any CPU
		{3AE2F79D-D6C3-4719-AF67-3094031C61C3}.Release|Any CPU.ActiveCfg = Release|Any CPU
		{3AE2F79D-D6C3-4719-AF67-3094031C61C3}.Release|Any CPU.Build.0 = Release|Any CPU
	EndGlobalSection
	GlobalSection(SolutionProperties) = preSolution
		HideSolutionNode = FALSE
	EndGlobalSection
	GlobalSection(ExtensibilityGlobals) = postSolution
		SolutionGuid = {E939C7BC-8148-420F-BEDD-54CDD03358DE}
	EndGlobalSection
EndGlobal
